
Microsoft Visual Studio Solution File, Format Version 12.00
# Visual Studio Version 17
VisualStudioVersion = 17.4.33213.308
MinimumVisualStudioVersion = 10.0.40219.1
Project("{FAE04EC0-301F-11D3-BF4B-00C04F79EFBC}") = "Chat room", "Chat room\Chat room.csproj", "{AEB61318-8F85-4B61-8642-52B4C359B92B}"
EndProject
Global
	GlobalSection(SolutionConfigurationPlatforms) = preSolution
		Debug|Any CPU = Debug|Any CPU
		Release|Any CPU = Release|Any CPU
	EndGlobalSection
	GlobalSection(ProjectConfigurationPlatforms) = postSolution
		{AEB61318-8F85-4B61-8642-52B4C359B92B}.Debug|Any CPU.ActiveCfg = Debug|Any CPU
		{AEB61318-8F85-4B61-8642-52B4C359B92B}.Debug|Any CPU.Build.0 = Debug|Any CPU
		{AEB61318-8F85-4B61-8642-52B4C359B92B}.Release|Any CPU.ActiveCfg = Release|Any CPU
		{AEB61318-8F85-4B61-8642-52B4C359B92B}.Release|Any CPU.Build.0 = Release|Any CPU
	EndGlobalSection
	GlobalSection(SolutionProperties) = preSolution
		HideSolutionNode = FALSE
	EndGlobalSection
	GlobalSection(ExtensibilityGlobals) = postSolution
		SolutionGuid = {9C576BF8-0AE2-4838-BDCB-83C8C7CF8255}
	EndGlobalSection
EndGlobal
