
Microsoft Visual Studio Solution File, Format Version 12.00
# Visual Studio Version 17
VisualStudioVersion = 17.2.32526.322
MinimumVisualStudioVersion = 10.0.40219.1
Project("{FAE04EC0-301F-11D3-BF4B-00C04F79EFBC}") = "Elephant", "Elephant\Elephant.csproj", "{8AE3A192-AD99-4C73-B4CD-53B3C04EEA67}"
EndProject
Global
	GlobalSection(SolutionConfigurationPlatforms) = preSolution
		Debug|Any CPU = Debug|Any CPU
		Release|Any CPU = Release|Any CPU
	EndGlobalSection
	GlobalSection(ProjectConfigurationPlatforms) = postSolution
		{8AE3A192-AD99-4C73-B4CD-53B3C04EEA67}.Debug|Any CPU.ActiveCfg = Debug|Any CPU
		{8AE3A192-AD99-4C73-B4CD-53B3C04EEA67}.Debug|Any CPU.Build.0 = Debug|Any CPU
		{8AE3A192-AD99-4C73-B4CD-53B3C04EEA67}.Release|Any CPU.ActiveCfg = Release|Any CPU
		{8AE3A192-AD99-4C73-B4CD-53B3C04EEA67}.Release|Any CPU.Build.0 = Release|Any CPU
	EndGlobalSection
	GlobalSection(SolutionProperties) = preSolution
		HideSolutionNode = FALSE
	EndGlobalSection
	GlobalSection(ExtensibilityGlobals) = postSolution
		SolutionGuid = {9159C025-0D12-47B9-B5AE-79A7B6FF8CD6}
	EndGlobalSection
EndGlobal
