
Microsoft Visual Studio Solution File, Format Version 12.00
# Visual Studio Version 17
VisualStudioVersion = 17.4.33213.308
MinimumVisualStudioVersion = 10.0.40219.1
Project("{FAE04EC0-301F-11D3-BF4B-00C04F79EFBC}") = "String Task", "String Task\String Task.csproj", "{EE835D79-2BA9-4ED3-883B-FBBC5B0BD615}"
EndProject
Global
	GlobalSection(SolutionConfigurationPlatforms) = preSolution
		Debug|Any CPU = Debug|Any CPU
		Release|Any CPU = Release|Any CPU
	EndGlobalSection
	GlobalSection(ProjectConfigurationPlatforms) = postSolution
		{EE835D79-2BA9-4ED3-883B-FBBC5B0BD615}.Debug|Any CPU.ActiveCfg = Debug|Any CPU
		{EE835D79-2BA9-4ED3-883B-FBBC5B0BD615}.Debug|Any CPU.Build.0 = Debug|Any CPU
		{EE835D79-2BA9-4ED3-883B-FBBC5B0BD615}.Release|Any CPU.ActiveCfg = Release|Any CPU
		{EE835D79-2BA9-4ED3-883B-FBBC5B0BD615}.Release|Any CPU.Build.0 = Release|Any CPU
	EndGlobalSection
	GlobalSection(SolutionProperties) = preSolution
		HideSolutionNode = FALSE
	EndGlobalSection
	GlobalSection(ExtensibilityGlobals) = postSolution
		SolutionGuid = {247C9B18-0CDE-4841-954A-954337C00E5D}
	EndGlobalSection
EndGlobal
